
Microsoft Visual Studio Solution File, Format Version 12.00
# Visual Studio Version 16
VisualStudioVersion = 16.0.30717.126
MinimumVisualStudioVersion = 10.0.40219.1
Project("{FAE04EC0-301F-11D3-BF4B-00C04F79EFBC}") = "TrickingLibrary", "TrickingLibrary\TrickingLibrary.csproj", "{CAB0E1BA-6BD4-4E8B-A1E7-09BF43381987}"
EndProject
Global
	GlobalSection(SolutionConfigurationPlatforms) = preSolution
		Debug|Any CPU = Debug|Any CPU
		Release|Any CPU = Release|Any CPU
	EndGlobalSection
	GlobalSection(ProjectConfigurationPlatforms) = postSolution
		{CAB0E1BA-6BD4-4E8B-A1E7-09BF43381987}.Debug|Any CPU.ActiveCfg = Debug|Any CPU
		{CAB0E1BA-6BD4-4E8B-A1E7-09BF43381987}.Debug|Any CPU.Build.0 = Debug|Any CPU
		{CAB0E1BA-6BD4-4E8B-A1E7-09BF43381987}.Release|Any CPU.ActiveCfg = Release|Any CPU
		{CAB0E1BA-6BD4-4E8B-A1E7-09BF43381987}.Release|Any CPU.Build.0 = Release|Any CPU
	EndGlobalSection
	GlobalSection(SolutionProperties) = preSolution
		HideSolutionNode = FALSE
	EndGlobalSection
	GlobalSection(ExtensibilityGlobals) = postSolution
		SolutionGuid = {CCCB6ED0-A3AD-4C2C-A87C-8F055225F39E}
	EndGlobalSection
EndGlobal
